
Microsoft Visual Studio Solution File, Format Version 12.00
# Visual Studio 2013
VisualStudioVersion = 12.0.31101.0
MinimumVisualStudioVersion = 10.0.40219.1
Project("{FAE04EC0-301F-11D3-BF4B-00C04F79EFBC}") = "MoviePlayerDemo", "MoviePlayerDemo\MoviePlayerDemo\MoviePlayerDemo.csproj", "{81A2D318-9EFF-4A80-9C89-392E54EF9D4B}"
EndProject
Project("{FAE04EC0-301F-11D3-BF4B-00C04F79EFBC}") = "MoviePlayerDemo.iOS", "MoviePlayerDemo\MoviePlayerDemo.iOS\MoviePlayerDemo.iOS.csproj", "{6C5ACA96-997C-46C9-B7FD-D7BC31C21774}"
EndProject
Project("{FAE04EC0-301F-11D3-BF4B-00C04F79EFBC}") = "MoviePlayerDemo.Droid", "MoviePlayerDemo\MoviePlayerDemo.Droid\MoviePlayerDemo.Droid.csproj", "{D447A782-EFC8-4820-82AE-CBCF9D1C956B}"
EndProject
Project("{FAE04EC0-301F-11D3-BF4B-00C04F79EFBC}") = "MoviePlayerDemo.WinPhone", "MoviePlayerDemo\MoviePlayerDemo.WinPhone\MoviePlayerDemo.WinPhone.csproj", "{A05C17A9-0CC2-40F3-91C2-88E14E59FFA4}"
EndProject
Global
	GlobalSection(SolutionConfigurationPlatforms) = preSolution
		Ad-Hoc|Any CPU = Ad-Hoc|Any CPU
		Ad-Hoc|ARM = Ad-Hoc|ARM
		Ad-Hoc|iPhone = Ad-Hoc|iPhone
		Ad-Hoc|iPhoneSimulator = Ad-Hoc|iPhoneSimulator
		Ad-Hoc|Mixed Platforms = Ad-Hoc|Mixed Platforms
		Ad-Hoc|x86 = Ad-Hoc|x86
		AppStore|Any CPU = AppStore|Any CPU
		AppStore|ARM = AppStore|ARM
		AppStore|iPhone = AppStore|iPhone
		AppStore|iPhoneSimulator = AppStore|iPhoneSimulator
		AppStore|Mixed Platforms = AppStore|Mixed Platforms
		AppStore|x86 = AppStore|x86
		Debug|Any CPU = Debug|Any CPU
		Debug|ARM = Debug|ARM
		Debug|iPhone = Debug|iPhone
		Debug|iPhoneSimulator = Debug|iPhoneSimulator
		Debug|Mixed Platforms = Debug|Mixed Platforms
		Debug|x86 = Debug|x86
		Release|Any CPU = Release|Any CPU
		Release|ARM = Release|ARM
		Release|iPhone = Release|iPhone
		Release|iPhoneSimulator = Release|iPhoneSimulator
		Release|Mixed Platforms = Release|Mixed Platforms
		Release|x86 = Release|x86
	EndGlobalSection
	GlobalSection(ProjectConfigurationPlatforms) = postSolution
		{81A2D318-9EFF-4A80-9C89-392E54EF9D4B}.Ad-Hoc|Any CPU.ActiveCfg = Release|Any CPU
		{81A2D318-9EFF-4A80-9C89-392E54EF9D4B}.Ad-Hoc|Any CPU.Build.0 = Release|Any CPU
		{81A2D318-9EFF-4A80-9C89-392E54EF9D4B}.Ad-Hoc|ARM.ActiveCfg = Release|Any CPU
		{81A2D318-9EFF-4A80-9C89-392E54EF9D4B}.Ad-Hoc|iPhone.ActiveCfg = Release|Any CPU
		{81A2D318-9EFF-4A80-9C89-392E54EF9D4B}.Ad-Hoc|iPhoneSimulator.ActiveCfg = Release|Any CPU
		{81A2D318-9EFF-4A80-9C89-392E54EF9D4B}.Ad-Hoc|Mixed Platforms.ActiveCfg = Release|Any CPU
		{81A2D318-9EFF-4A80-9C89-392E54EF9D4B}.Ad-Hoc|Mixed Platforms.Build.0 = Release|Any CPU
		{81A2D318-9EFF-4A80-9C89-392E54EF9D4B}.Ad-Hoc|x86.ActiveCfg = Release|Any CPU
		{81A2D318-9EFF-4A80-9C89-392E54EF9D4B}.AppStore|Any CPU.ActiveCfg = Release|Any CPU
		{81A2D318-9EFF-4A80-9C89-392E54EF9D4B}.AppStore|Any CPU.Build.0 = Release|Any CPU
		{81A2D318-9EFF-4A80-9C89-392E54EF9D4B}.AppStore|ARM.ActiveCfg = Release|Any CPU
		{81A2D318-9EFF-4A80-9C89-392E54EF9D4B}.AppStore|iPhone.ActiveCfg = Release|Any CPU
		{81A2D318-9EFF-4A80-9C89-392E54EF9D4B}.AppStore|iPhoneSimulator.ActiveCfg = Release|Any CPU
		{81A2D318-9EFF-4A80-9C89-392E54EF9D4B}.AppStore|Mixed Platforms.ActiveCfg = Release|Any CPU
		{81A2D318-9EFF-4A80-9C89-392E54EF9D4B}.AppStore|Mixed Platforms.Build.0 = Release|Any CPU
		{81A2D318-9EFF-4A80-9C89-392E54EF9D4B}.AppStore|x86.ActiveCfg = Release|Any CPU
		{81A2D318-9EFF-4A80-9C89-392E54EF9D4B}.Debug|Any CPU.ActiveCfg = Debug|Any CPU
		{81A2D318-9EFF-4A80-9C89-392E54EF9D4B}.Debug|Any CPU.Build.0 = Debug|Any CPU
		{81A2D318-9EFF-4A80-9C89-392E54EF9D4B}.Debug|ARM.ActiveCfg = Debug|Any CPU
		{81A2D318-9EFF-4A80-9C89-392E54EF9D4B}.Debug|iPhone.ActiveCfg = Debug|Any CPU
		{81A2D318-9EFF-4A80-9C89-392E54EF9D4B}.Debug|iPhone.Build.0 = Debug|Any CPU
		{81A2D318-9EFF-4A80-9C89-392E54EF9D4B}.Debug|iPhoneSimulator.ActiveCfg = Debug|Any CPU
		{81A2D318-9EFF-4A80-9C89-392E54EF9D4B}.Debug|Mixed Platforms.ActiveCfg = Debug|Any CPU
		{81A2D318-9EFF-4A80-9C89-392E54EF9D4B}.Debug|Mixed Platforms.Build.0 = Debug|Any CPU
		{81A2D318-9EFF-4A80-9C89-392E54EF9D4B}.Debug|x86.ActiveCfg = Debug|Any CPU
		{81A2D318-9EFF-4A80-9C89-392E54EF9D4B}.Release|Any CPU.ActiveCfg = Release|Any CPU
		{81A2D318-9EFF-4A80-9C89-392E54EF9D4B}.Release|Any CPU.Build.0 = Release|Any CPU
		{81A2D318-9EFF-4A80-9C89-392E54EF9D4B}.Release|ARM.ActiveCfg = Release|Any CPU
		{81A2D318-9EFF-4A80-9C89-392E54EF9D4B}.Release|iPhone.ActiveCfg = Release|Any CPU
		{81A2D318-9EFF-4A80-9C89-392E54EF9D4B}.Release|iPhoneSimulator.ActiveCfg = Release|Any CPU
		{81A2D318-9EFF-4A80-9C89-392E54EF9D4B}.Release|Mixed Platforms.ActiveCfg = Release|Any CPU
		{81A2D318-9EFF-4A80-9C89-392E54EF9D4B}.Release|Mixed Platforms.Build.0 = Release|Any CPU
		{81A2D318-9EFF-4A80-9C89-392E54EF9D4B}.Release|x86.ActiveCfg = Release|Any CPU
		{6C5ACA96-997C-46C9-B7FD-D7BC31C21774}.Ad-Hoc|Any CPU.ActiveCfg = Ad-Hoc|iPhone
		{6C5ACA96-997C-46C9-B7FD-D7BC31C21774}.Ad-Hoc|ARM.ActiveCfg = Ad-Hoc|iPhone
		{6C5ACA96-997C-46C9-B7FD-D7BC31C21774}.Ad-Hoc|iPhone.ActiveCfg = Ad-Hoc|iPhone
		{6C5ACA96-997C-46C9-B7FD-D7BC31C21774}.Ad-Hoc|iPhone.Build.0 = Ad-Hoc|iPhone
		{6C5ACA96-997C-46C9-B7FD-D7BC31C21774}.Ad-Hoc|iPhoneSimulator.ActiveCfg = Ad-Hoc|iPhoneSimulator
		{6C5ACA96-997C-46C9-B7FD-D7BC31C21774}.Ad-Hoc|iPhoneSimulator.Build.0 = Ad-Hoc|iPhoneSimulator
		{6C5ACA96-997C-46C9-B7FD-D7BC31C21774}.Ad-Hoc|Mixed Platforms.ActiveCfg = Ad-Hoc|iPhone
		{6C5ACA96-997C-46C9-B7FD-D7BC31C21774}.Ad-Hoc|Mixed Platforms.Build.0 = Ad-Hoc|iPhone
		{6C5ACA96-997C-46C9-B7FD-D7BC31C21774}.Ad-Hoc|x86.ActiveCfg = Ad-Hoc|iPhone
		{6C5ACA96-997C-46C9-B7FD-D7BC31C21774}.AppStore|Any CPU.ActiveCfg = AppStore|iPhone
		{6C5ACA96-997C-46C9-B7FD-D7BC31C21774}.AppStore|ARM.ActiveCfg = AppStore|iPhone
		{6C5ACA96-997C-46C9-B7FD-D7BC31C21774}.AppStore|iPhone.ActiveCfg = AppStore|iPhone
		{6C5ACA96-997C-46C9-B7FD-D7BC31C21774}.AppStore|iPhone.Build.0 = AppStore|iPhone
		{6C5ACA96-997C-46C9-B7FD-D7BC31C21774}.AppStore|iPhoneSimulator.ActiveCfg = AppStore|iPhoneSimulator
		{6C5ACA96-997C-46C9-B7FD-D7BC31C21774}.AppStore|iPhoneSimulator.Build.0 = AppStore|iPhoneSimulator
		{6C5ACA96-997C-46C9-B7FD-D7BC31C21774}.AppStore|Mixed Platforms.ActiveCfg = AppStore|iPhone
		{6C5ACA96-997C-46C9-B7FD-D7BC31C21774}.AppStore|Mixed Platforms.Build.0 = AppStore|iPhone
		{6C5ACA96-997C-46C9-B7FD-D7BC31C21774}.AppStore|x86.ActiveCfg = AppStore|iPhone
		{6C5ACA96-997C-46C9-B7FD-D7BC31C21774}.Debug|Any CPU.ActiveCfg = Debug|iPhone
		{6C5ACA96-997C-46C9-B7FD-D7BC31C21774}.Debug|ARM.ActiveCfg = Debug|iPhone
		{6C5ACA96-997C-46C9-B7FD-D7BC31C21774}.Debug|iPhone.ActiveCfg = Debug|iPhone
		{6C5ACA96-997C-46C9-B7FD-D7BC31C21774}.Debug|iPhone.Build.0 = Debug|iPhone
		{6C5ACA96-997C-46C9-B7FD-D7BC31C21774}.Debug|iPhoneSimulator.ActiveCfg = Debug|iPhoneSimulator
		{6C5ACA96-997C-46C9-B7FD-D7BC31C21774}.Debug|iPhoneSimulator.Build.0 = Debug|iPhoneSimulator
		{6C5ACA96-997C-46C9-B7FD-D7BC31C21774}.Debug|Mixed Platforms.ActiveCfg = Debug|iPhone
		{6C5ACA96-997C-46C9-B7FD-D7BC31C21774}.Debug|Mixed Platforms.Build.0 = Debug|iPhone
		{6C5ACA96-997C-46C9-B7FD-D7BC31C21774}.Debug|x86.ActiveCfg = Debug|iPhone
		{6C5ACA96-997C-46C9-B7FD-D7BC31C21774}.Release|Any CPU.ActiveCfg = Release|iPhone
		{6C5ACA96-997C-46C9-B7FD-D7BC31C21774}.Release|ARM.ActiveCfg = Release|iPhone
		{6C5ACA96-997C-46C9-B7FD-D7BC31C21774}.Release|iPhone.ActiveCfg = Release|iPhone
		{6C5ACA96-997C-46C9-B7FD-D7BC31C21774}.Release|iPhone.Build.0 = Release|iPhone
		{6C5ACA96-997C-46C9-B7FD-D7BC31C21774}.Release|iPhoneSimulator.ActiveCfg = Release|iPhoneSimulator
		{6C5ACA96-997C-46C9-B7FD-D7BC31C21774}.Release|iPhoneSimulator.Build.0 = Release|iPhoneSimulator
		{6C5ACA96-997C-46C9-B7FD-D7BC31C21774}.Release|Mixed Platforms.ActiveCfg = Release|iPhone
		{6C5ACA96-997C-46C9-B7FD-D7BC31C21774}.Release|Mixed Platforms.Build.0 = Release|iPhone
		{6C5ACA96-997C-46C9-B7FD-D7BC31C21774}.Release|x86.ActiveCfg = Release|iPhone
		{D447A782-EFC8-4820-82AE-CBCF9D1C956B}.Ad-Hoc|Any CPU.ActiveCfg = Release|Any CPU
		{D447A782-EFC8-4820-82AE-CBCF9D1C956B}.Ad-Hoc|Any CPU.Build.0 = Release|Any CPU
		{D447A782-EFC8-4820-82AE-CBCF9D1C956B}.Ad-Hoc|Any CPU.Deploy.0 = Release|Any CPU
		{D447A782-EFC8-4820-82AE-CBCF9D1C956B}.Ad-Hoc|ARM.ActiveCfg = Release|Any CPU
		{D447A782-EFC8-4820-82AE-CBCF9D1C956B}.Ad-Hoc|iPhone.ActiveCfg = Release|Any CPU
		{D447A782-EFC8-4820-82AE-CBCF9D1C956B}.Ad-Hoc|iPhoneSimulator.ActiveCfg = Release|Any CPU
		{D447A782-EFC8-4820-82AE-CBCF9D1C956B}.Ad-Hoc|Mixed Platforms.ActiveCfg = Release|Any CPU
		{D447A782-EFC8-4820-82AE-CBCF9D1C956B}.Ad-Hoc|Mixed Platforms.Build.0 = Release|Any CPU
		{D447A782-EFC8-4820-82AE-CBCF9D1C956B}.Ad-Hoc|Mixed Platforms.Deploy.0 = Release|Any CPU
		{D447A782-EFC8-4820-82AE-CBCF9D1C956B}.Ad-Hoc|x86.ActiveCfg = Release|Any CPU
		{D447A782-EFC8-4820-82AE-CBCF9D1C956B}.AppStore|Any CPU.ActiveCfg = Release|Any CPU
		{D447A782-EFC8-4820-82AE-CBCF9D1C956B}.AppStore|Any CPU.Build.0 = Release|Any CPU
		{D447A782-EFC8-4820-82AE-CBCF9D1C956B}.AppStore|Any CPU.Deploy.0 = Release|Any CPU
		{D447A782-EFC8-4820-82AE-CBCF9D1C956B}.AppStore|ARM.ActiveCfg = Release|Any CPU
		{D447A782-EFC8-4820-82AE-CBCF9D1C956B}.AppStore|iPhone.ActiveCfg = Release|Any CPU
		{D447A782-EFC8-4820-82AE-CBCF9D1C956B}.AppStore|iPhoneSimulator.ActiveCfg = Release|Any CPU
		{D447A782-EFC8-4820-82AE-CBCF9D1C956B}.AppStore|Mixed Platforms.ActiveCfg = Release|Any CPU
		{D447A782-EFC8-4820-82AE-CBCF9D1C956B}.AppStore|Mixed Platforms.Build.0 = Release|Any CPU
		{D447A782-EFC8-4820-82AE-CBCF9D1C956B}.AppStore|Mixed Platforms.Deploy.0 = Release|Any CPU
		{D447A782-EFC8-4820-82AE-CBCF9D1C956B}.AppStore|x86.ActiveCfg = Release|Any CPU
		{D447A782-EFC8-4820-82AE-CBCF9D1C956B}.Debug|Any CPU.ActiveCfg = Debug|Any CPU
		{D447A782-EFC8-4820-82AE-CBCF9D1C956B}.Debug|Any CPU.Build.0 = Debug|Any CPU
		{D447A782-EFC8-4820-82AE-CBCF9D1C956B}.Debug|Any CPU.Deploy.0 = Debug|Any CPU
		{D447A782-EFC8-4820-82AE-CBCF9D1C956B}.Debug|ARM.ActiveCfg = Debug|Any CPU
		{D447A782-EFC8-4820-82AE-CBCF9D1C956B}.Debug|iPhone.ActiveCfg = Debug|Any CPU
		{D447A782-EFC8-4820-82AE-CBCF9D1C956B}.Debug|iPhoneSimulator.ActiveCfg = Debug|Any CPU
		{D447A782-EFC8-4820-82AE-CBCF9D1C956B}.Debug|Mixed Platforms.ActiveCfg = Debug|Any CPU
		{D447A782-EFC8-4820-82AE-CBCF9D1C956B}.Debug|Mixed Platforms.Build.0 = Debug|Any CPU
		{D447A782-EFC8-4820-82AE-CBCF9D1C956B}.Debug|Mixed Platforms.Deploy.0 = Debug|Any CPU
		{D447A782-EFC8-4820-82AE-CBCF9D1C956B}.Debug|x86.ActiveCfg = Debug|Any CPU
		{D447A782-EFC8-4820-82AE-CBCF9D1C956B}.Release|Any CPU.ActiveCfg = Release|Any CPU
		{D447A782-EFC8-4820-82AE-CBCF9D1C956B}.Release|Any CPU.Build.0 = Release|Any CPU
		{D447A782-EFC8-4820-82AE-CBCF9D1C956B}.Release|Any CPU.Deploy.0 = Release|Any CPU
		{D447A782-EFC8-4820-82AE-CBCF9D1C956B}.Release|ARM.ActiveCfg = Release|Any CPU
		{D447A782-EFC8-4820-82AE-CBCF9D1C956B}.Release|iPhone.ActiveCfg = Release|Any CPU
		{D447A782-EFC8-4820-82AE-CBCF9D1C956B}.Release|iPhoneSimulator.ActiveCfg = Release|Any CPU
		{D447A782-EFC8-4820-82AE-CBCF9D1C956B}.Release|Mixed Platforms.ActiveCfg = Release|Any CPU
		{D447A782-EFC8-4820-82AE-CBCF9D1C956B}.Release|Mixed Platforms.Build.0 = Release|Any CPU
		{D447A782-EFC8-4820-82AE-CBCF9D1C956B}.Release|Mixed Platforms.Deploy.0 = Release|Any CPU
		{D447A782-EFC8-4820-82AE-CBCF9D1C956B}.Release|x86.ActiveCfg = Release|Any CPU
		{A05C17A9-0CC2-40F3-91C2-88E14E59FFA4}.Ad-Hoc|Any CPU.ActiveCfg = Release|Any CPU
		{A05C17A9-0CC2-40F3-91C2-88E14E59FFA4}.Ad-Hoc|Any CPU.Build.0 = Release|Any CPU
		{A05C17A9-0CC2-40F3-91C2-88E14E59FFA4}.Ad-Hoc|Any CPU.Deploy.0 = Release|Any CPU
		{A05C17A9-0CC2-40F3-91C2-88E14E59FFA4}.Ad-Hoc|ARM.ActiveCfg = Release|ARM
		{A05C17A9-0CC2-40F3-91C2-88E14E59FFA4}.Ad-Hoc|ARM.Build.0 = Release|ARM
		{A05C17A9-0CC2-40F3-91C2-88E14E59FFA4}.Ad-Hoc|ARM.Deploy.0 = Release|ARM
		{A05C17A9-0CC2-40F3-91C2-88E14E59FFA4}.Ad-Hoc|iPhone.ActiveCfg = Release|Any CPU
		{A05C17A9-0CC2-40F3-91C2-88E14E59FFA4}.Ad-Hoc|iPhoneSimulator.ActiveCfg = Release|Any CPU
		{A05C17A9-0CC2-40F3-91C2-88E14E59FFA4}.Ad-Hoc|Mixed Platforms.ActiveCfg = Release|x86
		{A05C17A9-0CC2-40F3-91C2-88E14E59FFA4}.Ad-Hoc|Mixed Platforms.Build.0 = Release|x86
		{A05C17A9-0CC2-40F3-91C2-88E14E59FFA4}.Ad-Hoc|Mixed Platforms.Deploy.0 = Release|x86
		{A05C17A9-0CC2-40F3-91C2-88E14E59FFA4}.Ad-Hoc|x86.ActiveCfg = Release|x86
		{A05C17A9-0CC2-40F3-91C2-88E14E59FFA4}.Ad-Hoc|x86.Build.0 = Release|x86
		{A05C17A9-0CC2-40F3-91C2-88E14E59FFA4}.Ad-Hoc|x86.Deploy.0 = Release|x86
		{A05C17A9-0CC2-40F3-91C2-88E14E59FFA4}.AppStore|Any CPU.ActiveCfg = Release|Any CPU
		{A05C17A9-0CC2-40F3-91C2-88E14E59FFA4}.AppStore|Any CPU.Build.0 = Release|Any CPU
		{A05C17A9-0CC2-40F3-91C2-88E14E59FFA4}.AppStore|Any CPU.Deploy.0 = Release|Any CPU
		{A05C17A9-0CC2-40F3-91C2-88E14E59FFA4}.AppStore|ARM.ActiveCfg = Release|ARM
		{A05C17A9-0CC2-40F3-91C2-88E14E59FFA4}.AppStore|ARM.Build.0 = Release|ARM
		{A05C17A9-0CC2-40F3-91C2-88E14E59FFA4}.AppStore|ARM.Deploy.0 = Release|ARM
		{A05C17A9-0CC2-40F3-91C2-88E14E59FFA4}.AppStore|iPhone.ActiveCfg = Release|Any CPU
		{A05C17A9-0CC2-40F3-91C2-88E14E59FFA4}.AppStore|iPhoneSimulator.ActiveCfg = Release|Any CPU
		{A05C17A9-0CC2-40F3-91C2-88E14E59FFA4}.AppStore|Mixed Platforms.ActiveCfg = Release|x86
		{A05C17A9-0CC2-40F3-91C2-88E14E59FFA4}.AppStore|Mixed Platforms.Build.0 = Release|x86
		{A05C17A9-0CC2-40F3-91C2-88E14E59FFA4}.AppStore|Mixed Platforms.Deploy.0 = Release|x86
		{A05C17A9-0CC2-40F3-91C2-88E14E59FFA4}.AppStore|x86.ActiveCfg = Release|x86
		{A05C17A9-0CC2-40F3-91C2-88E14E59FFA4}.AppStore|x86.Build.0 = Release|x86
		{A05C17A9-0CC2-40F3-91C2-88E14E59FFA4}.AppStore|x86.Deploy.0 = Release|x86
		{A05C17A9-0CC2-40F3-91C2-88E14E59FFA4}.Debug|Any CPU.ActiveCfg = Debug|Any CPU
		{A05C17A9-0CC2-40F3-91C2-88E14E59FFA4}.Debug|Any CPU.Build.0 = Debug|Any CPU
		{A05C17A9-0CC2-40F3-91C2-88E14E59FFA4}.Debug|Any CPU.Deploy.0 = Debug|Any CPU
		{A05C17A9-0CC2-40F3-91C2-88E14E59FFA4}.Debug|ARM.ActiveCfg = Debug|ARM
		{A05C17A9-0CC2-40F3-91C2-88E14E59FFA4}.Debug|ARM.Build.0 = Debug|ARM
		{A05C17A9-0CC2-40F3-91C2-88E14E59FFA4}.Debug|ARM.Deploy.0 = Debug|ARM
		{A05C17A9-0CC2-40F3-91C2-88E14E59FFA4}.Debug|iPhone.ActiveCfg = Debug|Any CPU
		{A05C17A9-0CC2-40F3-91C2-88E14E59FFA4}.Debug|iPhoneSimulator.ActiveCfg = Debug|Any CPU
		{A05C17A9-0CC2-40F3-91C2-88E14E59FFA4}.Debug|Mixed Platforms.ActiveCfg = Debug|x86
		{A05C17A9-0CC2-40F3-91C2-88E14E59FFA4}.Debug|Mixed Platforms.Build.0 = Debug|x86
		{A05C17A9-0CC2-40F3-91C2-88E14E59FFA4}.Debug|Mixed Platforms.Deploy.0 = Debug|x86
		{A05C17A9-0CC2-40F3-91C2-88E14E59FFA4}.Debug|x86.ActiveCfg = Debug|x86
		{A05C17A9-0CC2-40F3-91C2-88E14E59FFA4}.Debug|x86.Build.0 = Debug|x86
		{A05C17A9-0CC2-40F3-91C2-88E14E59FFA4}.Debug|x86.Deploy.0 = Debug|x86
		{A05C17A9-0CC2-40F3-91C2-88E14E59FFA4}.Release|Any CPU.ActiveCfg = Release|Any CPU
		{A05C17A9-0CC2-40F3-91C2-88E14E59FFA4}.Release|Any CPU.Build.0 = Release|Any CPU
		{A05C17A9-0CC2-40F3-91C2-88E14E59FFA4}.Release|Any CPU.Deploy.0 = Release|Any CPU
		{A05C17A9-0CC2-40F3-91C2-88E14E59FFA4}.Release|ARM.ActiveCfg = Release|ARM
		{A05C17A9-0CC2-40F3-91C2-88E14E59FFA4}.Release|ARM.Build.0 = Release|ARM
		{A05C17A9-0CC2-40F3-91C2-88E14E59FFA4}.Release|ARM.Deploy.0 = Release|ARM
		{A05C17A9-0CC2-40F3-91C2-88E14E59FFA4}.Release|iPhone.ActiveCfg = Release|Any CPU
		{A05C17A9-0CC2-40F3-91C2-88E14E59FFA4}.Release|iPhoneSimulator.ActiveCfg = Release|Any CPU
		{A05C17A9-0CC2-40F3-91C2-88E14E59FFA4}.Release|Mixed Platforms.ActiveCfg = Release|x86
		{A05C17A9-0CC2-40F3-91C2-88E14E59FFA4}.Release|Mixed Platforms.Build.0 = Release|x86
		{A05C17A9-0CC2-40F3-91C2-88E14E59FFA4}.Release|Mixed Platforms.Deploy.0 = Release|x86
		{A05C17A9-0CC2-40F3-91C2-88E14E59FFA4}.Release|x86.ActiveCfg = Release|x86
		{A05C17A9-0CC2-40F3-91C2-88E14E59FFA4}.Release|x86.Build.0 = Release|x86
		{A05C17A9-0CC2-40F3-91C2-88E14E59FFA4}.Release|x86.Deploy.0 = Release|x86
	EndGlobalSection
	GlobalSection(SolutionProperties) = preSolution
		HideSolutionNode = FALSE
	EndGlobalSection
EndGlobal
